
Microsoft Visual Studio Solution File, Format Version 12.00
# Visual Studio Version 17
VisualStudioVersion = 17.0.31903.59
MinimumVisualStudioVersion = 10.0.40219.1
Project("{FAE04EC0-301F-11D3-BF4B-00C04F79EFBC}") = "Notla.Core", "Notla.Core\Notla.Core.csproj", "{40C5E91A-481A-4990-8EA8-470A2F837A95}"
EndProject
Project("{FAE04EC0-301F-11D3-BF4B-00C04F79EFBC}") = "Notla.API", "Notla.API\Notla.API.csproj", "{87AFF836-FEF1-4F41-98EB-47F087A7CEBC}"
EndProject
Global
	GlobalSection(SolutionConfigurationPlatforms) = preSolution
		Debug|Any CPU = Debug|Any CPU
		Release|Any CPU = Release|Any CPU
	EndGlobalSection
	GlobalSection(SolutionProperties) = preSolution
		HideSolutionNode = FALSE
	EndGlobalSection
	GlobalSection(ProjectConfigurationPlatforms) = postSolution
		{40C5E91A-481A-4990-8EA8-470A2F837A95}.Debug|Any CPU.ActiveCfg = Debug|Any CPU
		{40C5E91A-481A-4990-8EA8-470A2F837A95}.Debug|Any CPU.Build.0 = Debug|Any CPU
		{40C5E91A-481A-4990-8EA8-470A2F837A95}.Release|Any CPU.ActiveCfg = Release|Any CPU
		{40C5E91A-481A-4990-8EA8-470A2F837A95}.Release|Any CPU.Build.0 = Release|Any CPU
		{87AFF836-FEF1-4F41-98EB-47F087A7CEBC}.Debug|Any CPU.ActiveCfg = Debug|Any CPU
		{87AFF836-FEF1-4F41-98EB-47F087A7CEBC}.Debug|Any CPU.Build.0 = Debug|Any CPU
		{87AFF836-FEF1-4F41-98EB-47F087A7CEBC}.Release|Any CPU.ActiveCfg = Release|Any CPU
		{87AFF836-FEF1-4F41-98EB-47F087A7CEBC}.Release|Any CPU.Build.0 = Release|Any CPU
	EndGlobalSection
EndGlobal
